
Microsoft Visual Studio Solution File, Format Version 12.00
# Visual Studio 14
VisualStudioVersion = 14.0.23107.0
MinimumVisualStudioVersion = 10.0.40219.1
Project("{8BC9CEB8-8B4A-11D0-8D11-00A0C91BC942}") = "01_Basics", "01_Basics\01_Basics.vcxproj", "{425ED9DA-852E-4F61-BE06-487F68A6187E}"
EndProject
Project("{8BC9CEB8-8B4A-11D0-8D11-00A0C91BC942}") = "02_Inheriting", "02_Inheriting\02_Inheriting.vcxproj", "{F1EDF2C3-8663-42FF-89D7-D0C4857D4358}"
EndProject
Project("{8BC9CEB8-8B4A-11D0-8D11-00A0C91BC942}") = "03_Input", "03_SFML_Input\03_SFML_Input.vcxproj", "{1EA67B6E-CAF1-4F2A-8FB5-99B5D30E3004}"
EndProject
Project("{8BC9CEB8-8B4A-11D0-8D11-00A0C91BC942}") = "04_MeshRendering", "04_MeshRendering\04_MeshRendering.vcxproj", "{D04CA8CD-8C31-4F09-A363-33BFC486C26F}"
EndProject
Project("{8BC9CEB8-8B4A-11D0-8D11-00A0C91BC942}") = "05_InstanceRendering", "05_InstanceRendering\05_InstanceRendering.vcxproj", "{E9B44697-A740-484E-BFCC-B9A007E242A2}"
EndProject
Project("{8BC9CEB8-8B4A-11D0-8D11-00A0C91BC942}") = "06_Octree", "06_Octree\06_Octree.vcxproj", "{0488FE50-85CC-477A-88ED-0A00B9F79F5D}"
EndProject
Project("{8BC9CEB8-8B4A-11D0-8D11-00A0C91BC942}") = "ModelViewer", "ModelViewer\ModelViewer.vcxproj", "{FB51C0AB-6E10-4DEB-9D27-A3C31251A36D}"
EndProject
Project("{8BC9CEB8-8B4A-11D0-8D11-00A0C91BC942}") = "A04_3DShapes", "A04_3DShapes\A04_3DShapes.vcxproj", "{769F0154-10DA-4627-8772-CE84597ECDCE}"
EndProject
Project("{8BC9CEB8-8B4A-11D0-8D11-00A0C91BC942}") = "07_RenderTarget", "07_RenderTarget\07_RenderTarget.vcxproj", "{05BD95CA-C5F7-45E3-A252-EF522EAAA809}"
EndProject
Project("{8BC9CEB8-8B4A-11D0-8D11-00A0C91BC942}") = "00_Sandbox", "00_Sandbox\00_Sandbox_VS15.vcxproj", "{F5D6D2E1-6FFD-402B-8EE3-DED4FE407028}"
EndProject
Project("{8BC9CEB8-8B4A-11D0-8D11-00A0C91BC942}") = "08_Audio", "08_Audio\08_Audio.vcxproj", "{D50EA787-1AD4-44AC-A230-3304FFB04F82}"
EndProject
Project("{2150E333-8FDC-42A3-9474-1A3956D46DE8}") = "Assignments", "Assignments", "{124C8EDD-52BA-4EAA-A1F4-6D4302AB5DEC}"
EndProject
Project("{2150E333-8FDC-42A3-9474-1A3956D46DE8}") = "Examples", "Examples", "{77A006BE-0096-461D-AC30-32ECAA2B3FDA}"
EndProject
Project("{2150E333-8FDC-42A3-9474-1A3956D46DE8}") = "ICEs", "ICEs", "{0B1C8EE7-E852-45B2-A546-BE37B521048A}"
EndProject
Project("{2150E333-8FDC-42A3-9474-1A3956D46DE8}") = "Exams", "Exams", "{8A9C6231-C3D4-493B-A18E-E134FC3A1A35}"
EndProject
Project("{2150E333-8FDC-42A3-9474-1A3956D46DE8}") = "Games", "Games", "{DFB78115-51B7-4330-854D-9AF8B21B4D47}"
EndProject
Project("{2150E333-8FDC-42A3-9474-1A3956D46DE8}") = "Temp", "Temp", "{54B0557B-2C68-488D-9553-BF7F893657BE}"
EndProject
Project("{2150E333-8FDC-42A3-9474-1A3956D46DE8}") = "Other", "Other", "{30329165-8C18-46CB-A4F4-A05ADB2AE1DF}"
EndProject
Project("{8BC9CEB8-8B4A-11D0-8D11-00A0C91BC942}") = "E06_Transformations", "E06_Transformations\E06_Transformations.vcxproj", "{CFC5A13E-27EB-44AB-A562-CADF4D45A21C}"
EndProject
Project("{8BC9CEB8-8B4A-11D0-8D11-00A0C91BC942}") = "E05s_Repository", "E05s_Repository\E05s_Repository.vcxproj", "{2DD9F919-629E-43B6-9B81-181B2F761873}"
EndProject
Project("{8BC9CEB8-8B4A-11D0-8D11-00A0C91BC942}") = "A05_Transformations", "A05_Transformations\A05_Transformations.vcxproj", "{AABA05C7-71CD-4C9B-A52F-78117CDBC72D}"
EndProject
Project("{8BC9CEB8-8B4A-11D0-8D11-00A0C91BC942}") = "A04s_3DShapes_DEMO", "A04s_3DShapes\A04s_3DShapes.vcxproj", "{1249A06E-032E-4611-8749-E48CB5FCFF68}"
EndProject
Project("{2150E333-8FDC-42A3-9474-1A3956D46DE8}") = "Demos", "Demos", "{2D1B6711-5C2F-40D1-81B0-C84AEDAA4353}"
EndProject
Project("{8BC9CEB8-8B4A-11D0-8D11-00A0C91BC942}") = "W5R_Rotations_DEMO", "W5R_Rotations_DEMO\W5R_Rotations_DEMO.vcxproj", "{DBB63B9E-3E43-4E40-8601-29BE9FAC2ABD}"
EndProject
Project("{8BC9CEB8-8B4A-11D0-8D11-00A0C91BC942}") = "E06s_Transformations_DEMO", "E06s_Transformations\E06s_Transformations.vcxproj", "{E50356C3-1F4D-45BC-8A3F-7D26EE9A25B8}"
EndProject
Project("{8BC9CEB8-8B4A-11D0-8D11-00A0C91BC942}") = "A06_LERP", "A06_LERP\A06_LERP.vcxproj", "{8FB45351-2348-4127-9143-D866C86EE527}"
EndProject
Project("{8BC9CEB8-8B4A-11D0-8D11-00A0C91BC942}") = "E09_Gimbal_Lock", "E09_Gimbal_Lock\E09_Gimbal_Lock.vcxproj", "{1526B5D0-627C-4057-91F9-4D7289CB8CFE}"
EndProject
Project("{8BC9CEB8-8B4A-11D0-8D11-00A0C91BC942}") = "E07s_LERP", "E07s_LERP\E07s_LERP.vcxproj", "{F2B4B292-2881-40EA-A091-57D14FB1AE05}"
EndProject
Project("{8BC9CEB8-8B4A-11D0-8D11-00A0C91BC942}") = "A07_SLERP", "A07_SLERP\A07_SLERP.vcxproj", "{EF817BA9-17FE-44E0-B405-C5962E93B613}"
EndProject
Project("{8BC9CEB8-8B4A-11D0-8D11-00A0C91BC942}") = "A05s_Transformations_DEMO", "A05s_Transformations\A05s_Transformations.vcxproj", "{731BEF6C-42D8-41D5-9C26-FCC908241B92}"
EndProject
Project("{8BC9CEB8-8B4A-11D0-8D11-00A0C91BC942}") = "W7R_SLERP_DEMO", "W7R_SLERP_DEMO\W7R_SLERP_DEMO.vcxproj", "{F586EF79-529C-4737-B8BD-79C899828529}"
EndProject
Project("{8BC9CEB8-8B4A-11D0-8D11-00A0C91BC942}") = "E10_Projections", "E10_Projections\E10_Projections.vcxproj", "{9B6650A4-8EB9-4CBC-A25C-10726F0BD80D}"
EndProject
Project("{8BC9CEB8-8B4A-11D0-8D11-00A0C91BC942}") = "E11_MidtermPractice", "E11_MidtermPractice\E11_MidtermPractice.vcxproj", "{1FBD25F3-8338-4126-BE77-DF3B49161AE9}"
EndProject
Project("{8BC9CEB8-8B4A-11D0-8D11-00A0C91BC942}") = "E12_Sierpinski", "E12_Sierpinski\E12_Sierpinski.vcxproj", "{4965C0BB-DC2D-4C76-B565-2E5C77F75BDD}"
EndProject
Project("{8BC9CEB8-8B4A-11D0-8D11-00A0C91BC942}") = "Ex01_A", "Ex01_A\Ex01_A.vcxproj", "{C8CC8011-40C5-40B9-857B-7897DBBF2BDC}"
EndProject
Project("{8BC9CEB8-8B4A-11D0-8D11-00A0C91BC942}") = "Ex01_B", "Ex01_B\Ex01_B.vcxproj", "{B1F0F215-F6DE-426D-8AB8-B85644569D5A}"
EndProject
Project("{8BC9CEB8-8B4A-11D0-8D11-00A0C91BC942}") = "W9R_BoundingSphereDEMO", "W9R_BoundingSphereDEMO\W9R_BoundingSphereDEMO.vcxproj", "{625922B3-FF5F-49AF-84A3-8E4BAD5B8DC4}"
EndProject
Project("{8BC9CEB8-8B4A-11D0-8D11-00A0C91BC942}") = "A07s_SLERP_DEMO", "A07s_SLERP\A07s_SLERP.vcxproj", "{337B81CF-66EB-4676-8BA0-BA3497CBF73A}"
EndProject
Project("{8BC9CEB8-8B4A-11D0-8D11-00A0C91BC942}") = "A06s_LERP_DEMO", "A06s_LERP\A06s_LERP.vcxproj", "{7CBBEAD1-E3B6-4D38-8DB0-C2E9B31E8936}"
EndProject
Project("{8BC9CEB8-8B4A-11D0-8D11-00A0C91BC942}") = "E10s_Projections_DEMO", "E10s_Projections\E10s_Projections.vcxproj", "{7B8DF49F-C152-4B07-AAE6-965586DBB6D9}"
EndProject
Project("{8BC9CEB8-8B4A-11D0-8D11-00A0C91BC942}") = "E12s_Sierpinski_DEMO", "E12s_Sierpinski\E12s_Sierpinski.vcxproj", "{C12B2C32-E9C5-40DF-9931-C9C429B7B1F6}"
EndProject
Project("{8BC9CEB8-8B4A-11D0-8D11-00A0C91BC942}") = "E11s_MidtermPracticeDEMO", "E11s_MidtermPractice\E11s_MidtermPractice.vcxproj", "{AA18B089-83AC-4904-8600-CD68E61EDC26}"
EndProject
Global
	GlobalSection(SolutionConfigurationPlatforms) = preSolution
		Debug|x86 = Debug|x86
		Release|x86 = Release|x86
	EndGlobalSection
	GlobalSection(ProjectConfigurationPlatforms) = postSolution
		{425ED9DA-852E-4F61-BE06-487F68A6187E}.Debug|x86.ActiveCfg = Debug|Win32
		{425ED9DA-852E-4F61-BE06-487F68A6187E}.Debug|x86.Build.0 = Debug|Win32
		{425ED9DA-852E-4F61-BE06-487F68A6187E}.Release|x86.ActiveCfg = Release|Win32
		{425ED9DA-852E-4F61-BE06-487F68A6187E}.Release|x86.Build.0 = Release|Win32
		{F1EDF2C3-8663-42FF-89D7-D0C4857D4358}.Debug|x86.ActiveCfg = Debug|Win32
		{F1EDF2C3-8663-42FF-89D7-D0C4857D4358}.Debug|x86.Build.0 = Debug|Win32
		{F1EDF2C3-8663-42FF-89D7-D0C4857D4358}.Release|x86.ActiveCfg = Release|Win32
		{F1EDF2C3-8663-42FF-89D7-D0C4857D4358}.Release|x86.Build.0 = Release|Win32
		{1EA67B6E-CAF1-4F2A-8FB5-99B5D30E3004}.Debug|x86.ActiveCfg = Debug|Win32
		{1EA67B6E-CAF1-4F2A-8FB5-99B5D30E3004}.Debug|x86.Build.0 = Debug|Win32
		{1EA67B6E-CAF1-4F2A-8FB5-99B5D30E3004}.Release|x86.ActiveCfg = Release|Win32
		{1EA67B6E-CAF1-4F2A-8FB5-99B5D30E3004}.Release|x86.Build.0 = Release|Win32
		{D04CA8CD-8C31-4F09-A363-33BFC486C26F}.Debug|x86.ActiveCfg = Debug|Win32
		{D04CA8CD-8C31-4F09-A363-33BFC486C26F}.Debug|x86.Build.0 = Debug|Win32
		{D04CA8CD-8C31-4F09-A363-33BFC486C26F}.Release|x86.ActiveCfg = Release|Win32
		{D04CA8CD-8C31-4F09-A363-33BFC486C26F}.Release|x86.Build.0 = Release|Win32
		{E9B44697-A740-484E-BFCC-B9A007E242A2}.Debug|x86.ActiveCfg = Debug|Win32
		{E9B44697-A740-484E-BFCC-B9A007E242A2}.Debug|x86.Build.0 = Debug|Win32
		{E9B44697-A740-484E-BFCC-B9A007E242A2}.Release|x86.ActiveCfg = Release|Win32
		{E9B44697-A740-484E-BFCC-B9A007E242A2}.Release|x86.Build.0 = Release|Win32
		{0488FE50-85CC-477A-88ED-0A00B9F79F5D}.Debug|x86.ActiveCfg = Debug|Win32
		{0488FE50-85CC-477A-88ED-0A00B9F79F5D}.Debug|x86.Build.0 = Debug|Win32
		{0488FE50-85CC-477A-88ED-0A00B9F79F5D}.Release|x86.ActiveCfg = Release|Win32
		{0488FE50-85CC-477A-88ED-0A00B9F79F5D}.Release|x86.Build.0 = Release|Win32
		{FB51C0AB-6E10-4DEB-9D27-A3C31251A36D}.Debug|x86.ActiveCfg = Debug|Win32
		{FB51C0AB-6E10-4DEB-9D27-A3C31251A36D}.Debug|x86.Build.0 = Debug|Win32
		{FB51C0AB-6E10-4DEB-9D27-A3C31251A36D}.Release|x86.ActiveCfg = Release|Win32
		{FB51C0AB-6E10-4DEB-9D27-A3C31251A36D}.Release|x86.Build.0 = Release|Win32
		{769F0154-10DA-4627-8772-CE84597ECDCE}.Debug|x86.ActiveCfg = Debug|Win32
		{769F0154-10DA-4627-8772-CE84597ECDCE}.Debug|x86.Build.0 = Debug|Win32
		{769F0154-10DA-4627-8772-CE84597ECDCE}.Release|x86.ActiveCfg = Release|Win32
		{769F0154-10DA-4627-8772-CE84597ECDCE}.Release|x86.Build.0 = Release|Win32
		{05BD95CA-C5F7-45E3-A252-EF522EAAA809}.Debug|x86.ActiveCfg = Debug|Win32
		{05BD95CA-C5F7-45E3-A252-EF522EAAA809}.Debug|x86.Build.0 = Debug|Win32
		{05BD95CA-C5F7-45E3-A252-EF522EAAA809}.Release|x86.ActiveCfg = Release|Win32
		{05BD95CA-C5F7-45E3-A252-EF522EAAA809}.Release|x86.Build.0 = Release|Win32
		{F5D6D2E1-6FFD-402B-8EE3-DED4FE407028}.Debug|x86.ActiveCfg = Debug|Win32
		{F5D6D2E1-6FFD-402B-8EE3-DED4FE407028}.Debug|x86.Build.0 = Debug|Win32
		{F5D6D2E1-6FFD-402B-8EE3-DED4FE407028}.Release|x86.ActiveCfg = Release|Win32
		{F5D6D2E1-6FFD-402B-8EE3-DED4FE407028}.Release|x86.Build.0 = Release|Win32
		{D50EA787-1AD4-44AC-A230-3304FFB04F82}.Debug|x86.ActiveCfg = Debug|Win32
		{D50EA787-1AD4-44AC-A230-3304FFB04F82}.Debug|x86.Build.0 = Debug|Win32
		{D50EA787-1AD4-44AC-A230-3304FFB04F82}.Release|x86.ActiveCfg = Release|Win32
		{D50EA787-1AD4-44AC-A230-3304FFB04F82}.Release|x86.Build.0 = Release|Win32
		{CFC5A13E-27EB-44AB-A562-CADF4D45A21C}.Debug|x86.ActiveCfg = Debug|Win32
		{CFC5A13E-27EB-44AB-A562-CADF4D45A21C}.Debug|x86.Build.0 = Debug|Win32
		{CFC5A13E-27EB-44AB-A562-CADF4D45A21C}.Release|x86.ActiveCfg = Release|Win32
		{CFC5A13E-27EB-44AB-A562-CADF4D45A21C}.Release|x86.Build.0 = Release|Win32
		{2DD9F919-629E-43B6-9B81-181B2F761873}.Debug|x86.ActiveCfg = Debug|Win32
		{2DD9F919-629E-43B6-9B81-181B2F761873}.Debug|x86.Build.0 = Debug|Win32
		{2DD9F919-629E-43B6-9B81-181B2F761873}.Release|x86.ActiveCfg = Release|Win32
		{2DD9F919-629E-43B6-9B81-181B2F761873}.Release|x86.Build.0 = Release|Win32
		{AABA05C7-71CD-4C9B-A52F-78117CDBC72D}.Debug|x86.ActiveCfg = Debug|Win32
		{AABA05C7-71CD-4C9B-A52F-78117CDBC72D}.Debug|x86.Build.0 = Debug|Win32
		{AABA05C7-71CD-4C9B-A52F-78117CDBC72D}.Release|x86.ActiveCfg = Release|Win32
		{AABA05C7-71CD-4C9B-A52F-78117CDBC72D}.Release|x86.Build.0 = Release|Win32
		{1249A06E-032E-4611-8749-E48CB5FCFF68}.Debug|x86.ActiveCfg = Debug|Win32
		{1249A06E-032E-4611-8749-E48CB5FCFF68}.Debug|x86.Build.0 = Debug|Win32
		{1249A06E-032E-4611-8749-E48CB5FCFF68}.Release|x86.ActiveCfg = Release|Win32
		{1249A06E-032E-4611-8749-E48CB5FCFF68}.Release|x86.Build.0 = Release|Win32
		{DBB63B9E-3E43-4E40-8601-29BE9FAC2ABD}.Debug|x86.ActiveCfg = Debug|Win32
		{DBB63B9E-3E43-4E40-8601-29BE9FAC2ABD}.Debug|x86.Build.0 = Debug|Win32
		{DBB63B9E-3E43-4E40-8601-29BE9FAC2ABD}.Release|x86.ActiveCfg = Release|Win32
		{DBB63B9E-3E43-4E40-8601-29BE9FAC2ABD}.Release|x86.Build.0 = Release|Win32
		{E50356C3-1F4D-45BC-8A3F-7D26EE9A25B8}.Debug|x86.ActiveCfg = Debug|Win32
		{E50356C3-1F4D-45BC-8A3F-7D26EE9A25B8}.Debug|x86.Build.0 = Debug|Win32
		{E50356C3-1F4D-45BC-8A3F-7D26EE9A25B8}.Release|x86.ActiveCfg = Release|Win32
		{E50356C3-1F4D-45BC-8A3F-7D26EE9A25B8}.Release|x86.Build.0 = Release|Win32
		{8FB45351-2348-4127-9143-D866C86EE527}.Debug|x86.ActiveCfg = Debug|Win32
		{8FB45351-2348-4127-9143-D866C86EE527}.Debug|x86.Build.0 = Debug|Win32
		{8FB45351-2348-4127-9143-D866C86EE527}.Release|x86.ActiveCfg = Release|Win32
		{8FB45351-2348-4127-9143-D866C86EE527}.Release|x86.Build.0 = Release|Win32
		{1526B5D0-627C-4057-91F9-4D7289CB8CFE}.Debug|x86.ActiveCfg = Debug|Win32
		{1526B5D0-627C-4057-91F9-4D7289CB8CFE}.Debug|x86.Build.0 = Debug|Win32
		{1526B5D0-627C-4057-91F9-4D7289CB8CFE}.Release|x86.ActiveCfg = Release|Win32
		{1526B5D0-627C-4057-91F9-4D7289CB8CFE}.Release|x86.Build.0 = Release|Win32
		{F2B4B292-2881-40EA-A091-57D14FB1AE05}.Debug|x86.ActiveCfg = Debug|Win32
		{F2B4B292-2881-40EA-A091-57D14FB1AE05}.Debug|x86.Build.0 = Debug|Win32
		{F2B4B292-2881-40EA-A091-57D14FB1AE05}.Release|x86.ActiveCfg = Release|Win32
		{F2B4B292-2881-40EA-A091-57D14FB1AE05}.Release|x86.Build.0 = Release|Win32
		{EF817BA9-17FE-44E0-B405-C5962E93B613}.Debug|x86.ActiveCfg = Debug|Win32
		{EF817BA9-17FE-44E0-B405-C5962E93B613}.Debug|x86.Build.0 = Debug|Win32
		{EF817BA9-17FE-44E0-B405-C5962E93B613}.Release|x86.ActiveCfg = Release|Win32
		{EF817BA9-17FE-44E0-B405-C5962E93B613}.Release|x86.Build.0 = Release|Win32
		{731BEF6C-42D8-41D5-9C26-FCC908241B92}.Debug|x86.ActiveCfg = Debug|Win32
		{731BEF6C-42D8-41D5-9C26-FCC908241B92}.Debug|x86.Build.0 = Debug|Win32
		{731BEF6C-42D8-41D5-9C26-FCC908241B92}.Release|x86.ActiveCfg = Release|Win32
		{731BEF6C-42D8-41D5-9C26-FCC908241B92}.Release|x86.Build.0 = Release|Win32
		{F586EF79-529C-4737-B8BD-79C899828529}.Debug|x86.ActiveCfg = Debug|Win32
		{F586EF79-529C-4737-B8BD-79C899828529}.Debug|x86.Build.0 = Debug|Win32
		{F586EF79-529C-4737-B8BD-79C899828529}.Release|x86.ActiveCfg = Release|Win32
		{F586EF79-529C-4737-B8BD-79C899828529}.Release|x86.Build.0 = Release|Win32
		{9B6650A4-8EB9-4CBC-A25C-10726F0BD80D}.Debug|x86.ActiveCfg = Debug|Win32
		{9B6650A4-8EB9-4CBC-A25C-10726F0BD80D}.Debug|x86.Build.0 = Debug|Win32
		{9B6650A4-8EB9-4CBC-A25C-10726F0BD80D}.Release|x86.ActiveCfg = Release|Win32
		{9B6650A4-8EB9-4CBC-A25C-10726F0BD80D}.Release|x86.Build.0 = Release|Win32
		{1FBD25F3-8338-4126-BE77-DF3B49161AE9}.Debug|x86.ActiveCfg = Debug|Win32
		{1FBD25F3-8338-4126-BE77-DF3B49161AE9}.Debug|x86.Build.0 = Debug|Win32
		{1FBD25F3-8338-4126-BE77-DF3B49161AE9}.Release|x86.ActiveCfg = Release|Win32
		{1FBD25F3-8338-4126-BE77-DF3B49161AE9}.Release|x86.Build.0 = Release|Win32
		{4965C0BB-DC2D-4C76-B565-2E5C77F75BDD}.Debug|x86.ActiveCfg = Debug|Win32
		{4965C0BB-DC2D-4C76-B565-2E5C77F75BDD}.Debug|x86.Build.0 = Debug|Win32
		{4965C0BB-DC2D-4C76-B565-2E5C77F75BDD}.Release|x86.ActiveCfg = Release|Win32
		{4965C0BB-DC2D-4C76-B565-2E5C77F75BDD}.Release|x86.Build.0 = Release|Win32
		{C8CC8011-40C5-40B9-857B-7897DBBF2BDC}.Debug|x86.ActiveCfg = Debug|Win32
		{C8CC8011-40C5-40B9-857B-7897DBBF2BDC}.Debug|x86.Build.0 = Debug|Win32
		{C8CC8011-40C5-40B9-857B-7897DBBF2BDC}.Release|x86.ActiveCfg = Release|Win32
		{C8CC8011-40C5-40B9-857B-7897DBBF2BDC}.Release|x86.Build.0 = Release|Win32
		{B1F0F215-F6DE-426D-8AB8-B85644569D5A}.Debug|x86.ActiveCfg = Debug|Win32
		{B1F0F215-F6DE-426D-8AB8-B85644569D5A}.Debug|x86.Build.0 = Debug|Win32
		{B1F0F215-F6DE-426D-8AB8-B85644569D5A}.Release|x86.ActiveCfg = Release|Win32
		{B1F0F215-F6DE-426D-8AB8-B85644569D5A}.Release|x86.Build.0 = Release|Win32
		{625922B3-FF5F-49AF-84A3-8E4BAD5B8DC4}.Debug|x86.ActiveCfg = Debug|Win32
		{625922B3-FF5F-49AF-84A3-8E4BAD5B8DC4}.Debug|x86.Build.0 = Debug|Win32
		{625922B3-FF5F-49AF-84A3-8E4BAD5B8DC4}.Release|x86.ActiveCfg = Release|Win32
		{625922B3-FF5F-49AF-84A3-8E4BAD5B8DC4}.Release|x86.Build.0 = Release|Win32
		{337B81CF-66EB-4676-8BA0-BA3497CBF73A}.Debug|x86.ActiveCfg = Debug|Win32
		{337B81CF-66EB-4676-8BA0-BA3497CBF73A}.Debug|x86.Build.0 = Debug|Win32
		{337B81CF-66EB-4676-8BA0-BA3497CBF73A}.Release|x86.ActiveCfg = Release|Win32
		{337B81CF-66EB-4676-8BA0-BA3497CBF73A}.Release|x86.Build.0 = Release|Win32
		{7CBBEAD1-E3B6-4D38-8DB0-C2E9B31E8936}.Debug|x86.ActiveCfg = Debug|Win32
		{7CBBEAD1-E3B6-4D38-8DB0-C2E9B31E8936}.Debug|x86.Build.0 = Debug|Win32
		{7CBBEAD1-E3B6-4D38-8DB0-C2E9B31E8936}.Release|x86.ActiveCfg = Release|Win32
		{7CBBEAD1-E3B6-4D38-8DB0-C2E9B31E8936}.Release|x86.Build.0 = Release|Win32
		{7B8DF49F-C152-4B07-AAE6-965586DBB6D9}.Debug|x86.ActiveCfg = Debug|Win32
		{7B8DF49F-C152-4B07-AAE6-965586DBB6D9}.Debug|x86.Build.0 = Debug|Win32
		{7B8DF49F-C152-4B07-AAE6-965586DBB6D9}.Release|x86.ActiveCfg = Release|Win32
		{7B8DF49F-C152-4B07-AAE6-965586DBB6D9}.Release|x86.Build.0 = Release|Win32
		{C12B2C32-E9C5-40DF-9931-C9C429B7B1F6}.Debug|x86.ActiveCfg = Debug|Win32
		{C12B2C32-E9C5-40DF-9931-C9C429B7B1F6}.Debug|x86.Build.0 = Debug|Win32
		{C12B2C32-E9C5-40DF-9931-C9C429B7B1F6}.Release|x86.ActiveCfg = Release|Win32
		{C12B2C32-E9C5-40DF-9931-C9C429B7B1F6}.Release|x86.Build.0 = Release|Win32
		{AA18B089-83AC-4904-8600-CD68E61EDC26}.Debug|x86.ActiveCfg = Debug|Win32
		{AA18B089-83AC-4904-8600-CD68E61EDC26}.Debug|x86.Build.0 = Debug|Win32
		{AA18B089-83AC-4904-8600-CD68E61EDC26}.Release|x86.ActiveCfg = Release|Win32
		{AA18B089-83AC-4904-8600-CD68E61EDC26}.Release|x86.Build.0 = Release|Win32
	EndGlobalSection
	GlobalSection(SolutionProperties) = preSolution
		HideSolutionNode = FALSE
	EndGlobalSection
	GlobalSection(NestedProjects) = preSolution
		{425ED9DA-852E-4F61-BE06-487F68A6187E} = {77A006BE-0096-461D-AC30-32ECAA2B3FDA}
		{F1EDF2C3-8663-42FF-89D7-D0C4857D4358} = {77A006BE-0096-461D-AC30-32ECAA2B3FDA}
		{1EA67B6E-CAF1-4F2A-8FB5-99B5D30E3004} = {77A006BE-0096-461D-AC30-32ECAA2B3FDA}
		{D04CA8CD-8C31-4F09-A363-33BFC486C26F} = {77A006BE-0096-461D-AC30-32ECAA2B3FDA}
		{E9B44697-A740-484E-BFCC-B9A007E242A2} = {77A006BE-0096-461D-AC30-32ECAA2B3FDA}
		{0488FE50-85CC-477A-88ED-0A00B9F79F5D} = {77A006BE-0096-461D-AC30-32ECAA2B3FDA}
		{FB51C0AB-6E10-4DEB-9D27-A3C31251A36D} = {30329165-8C18-46CB-A4F4-A05ADB2AE1DF}
		{769F0154-10DA-4627-8772-CE84597ECDCE} = {124C8EDD-52BA-4EAA-A1F4-6D4302AB5DEC}
		{05BD95CA-C5F7-45E3-A252-EF522EAAA809} = {77A006BE-0096-461D-AC30-32ECAA2B3FDA}
		{F5D6D2E1-6FFD-402B-8EE3-DED4FE407028} = {77A006BE-0096-461D-AC30-32ECAA2B3FDA}
		{D50EA787-1AD4-44AC-A230-3304FFB04F82} = {77A006BE-0096-461D-AC30-32ECAA2B3FDA}
		{CFC5A13E-27EB-44AB-A562-CADF4D45A21C} = {0B1C8EE7-E852-45B2-A546-BE37B521048A}
		{2DD9F919-629E-43B6-9B81-181B2F761873} = {0B1C8EE7-E852-45B2-A546-BE37B521048A}
		{AABA05C7-71CD-4C9B-A52F-78117CDBC72D} = {124C8EDD-52BA-4EAA-A1F4-6D4302AB5DEC}
		{1249A06E-032E-4611-8749-E48CB5FCFF68} = {124C8EDD-52BA-4EAA-A1F4-6D4302AB5DEC}
		{DBB63B9E-3E43-4E40-8601-29BE9FAC2ABD} = {2D1B6711-5C2F-40D1-81B0-C84AEDAA4353}
		{E50356C3-1F4D-45BC-8A3F-7D26EE9A25B8} = {0B1C8EE7-E852-45B2-A546-BE37B521048A}
		{8FB45351-2348-4127-9143-D866C86EE527} = {124C8EDD-52BA-4EAA-A1F4-6D4302AB5DEC}
		{1526B5D0-627C-4057-91F9-4D7289CB8CFE} = {0B1C8EE7-E852-45B2-A546-BE37B521048A}
		{F2B4B292-2881-40EA-A091-57D14FB1AE05} = {0B1C8EE7-E852-45B2-A546-BE37B521048A}
		{EF817BA9-17FE-44E0-B405-C5962E93B613} = {124C8EDD-52BA-4EAA-A1F4-6D4302AB5DEC}
		{731BEF6C-42D8-41D5-9C26-FCC908241B92} = {124C8EDD-52BA-4EAA-A1F4-6D4302AB5DEC}
		{F586EF79-529C-4737-B8BD-79C899828529} = {2D1B6711-5C2F-40D1-81B0-C84AEDAA4353}
		{9B6650A4-8EB9-4CBC-A25C-10726F0BD80D} = {0B1C8EE7-E852-45B2-A546-BE37B521048A}
		{1FBD25F3-8338-4126-BE77-DF3B49161AE9} = {0B1C8EE7-E852-45B2-A546-BE37B521048A}
		{4965C0BB-DC2D-4C76-B565-2E5C77F75BDD} = {0B1C8EE7-E852-45B2-A546-BE37B521048A}
		{C8CC8011-40C5-40B9-857B-7897DBBF2BDC} = {8A9C6231-C3D4-493B-A18E-E134FC3A1A35}
		{B1F0F215-F6DE-426D-8AB8-B85644569D5A} = {8A9C6231-C3D4-493B-A18E-E134FC3A1A35}
		{625922B3-FF5F-49AF-84A3-8E4BAD5B8DC4} = {2D1B6711-5C2F-40D1-81B0-C84AEDAA4353}
		{337B81CF-66EB-4676-8BA0-BA3497CBF73A} = {124C8EDD-52BA-4EAA-A1F4-6D4302AB5DEC}
		{7CBBEAD1-E3B6-4D38-8DB0-C2E9B31E8936} = {124C8EDD-52BA-4EAA-A1F4-6D4302AB5DEC}
		{7B8DF49F-C152-4B07-AAE6-965586DBB6D9} = {0B1C8EE7-E852-45B2-A546-BE37B521048A}
		{C12B2C32-E9C5-40DF-9931-C9C429B7B1F6} = {0B1C8EE7-E852-45B2-A546-BE37B521048A}
		{AA18B089-83AC-4904-8600-CD68E61EDC26} = {0B1C8EE7-E852-45B2-A546-BE37B521048A}
	EndGlobalSection
EndGlobal
